import { useState } from 'react';
import type { PageId } from '../App';
import { useReveal } from '../hooks/useReveal';
import {
  Image,
  TrendingUp,
  ArrowRight,
  Code,
  Database,
  Zap,
  Globe,
  Server,
  Layers,
  Cpu,
  Clock,
  Users,
  BarChart3,
  ChevronDown,
  CheckCircle
} from 'lucide-react';

interface ServicesPageProps {
  onShowPage: (id: PageId) => void;
}

interface PortfolioItem {
  id: number;
  title: string;
  category: string;
  description: string;
  image: string;
  metrics: { label: string; value: string; icon: typeof TrendingUp }[];
  techSpecs: { label: string; value: string; icon: typeof Code }[];
  size: 'wide' | 'half' | 'tall';
}

const portfolioItems: PortfolioItem[] = [
  {
    id: 1,
    title: 'Lumière Boutique',
    category: 'E-Commerce',
    description: 'A seamless headless commerce migration that elevated the brand\'s digital presence to match their physical craftsmanship.',
    image: 'https://images.unsplash.com/photo-1441986300917-64674bd600d8?w=800&q=80',
    metrics: [
      { label: 'Conversion Rate', value: '+140%', icon: TrendingUp },
      { label: 'Page Load', value: '0.8s', icon: Clock },
    ],
    techSpecs: [
      { label: 'Platform', value: 'Shopify Plus', icon: Globe },
      { label: 'Architecture', value: 'Headless', icon: Layers },
      { label: 'CDN', value: 'Cloudflare', icon: Server },
    ],
    size: 'wide'
  },
  {
    id: 2,
    title: 'Vanguard Arch',
    category: 'Retail',
    description: 'Increased leads by 40% for a local retailer through optimised search UX.',
    image: 'https://images.unsplash.com/photo-1556742049-0cfed4f6a45d?w=600&q=80',
    metrics: [
      { label: 'Lead Increase', value: '+40%', icon: TrendingUp },
    ],
    techSpecs: [
      { label: 'Platform', value: 'WooCommerce', icon: Globe },
      { label: 'Search', value: 'Algolia', icon: Database },
    ],
    size: 'half'
  },
  {
    id: 3,
    title: 'Aura Dining',
    category: 'Hospitality',
    description: 'Boosted online reservations by 65% through a frictionless mobile booking journey.',
    image: 'https://images.unsplash.com/photo-1517248135467-4c7edcad34c4?w=600&q=80',
    metrics: [
      { label: 'Reservations', value: '+65%', icon: TrendingUp },
    ],
    techSpecs: [
      { label: 'Platform', value: 'Custom React', icon: Code },
      { label: 'Booking', value: 'Resy API', icon: Database },
    ],
    size: 'half'
  },
  {
    id: 4,
    title: 'Zenith Capital',
    category: 'Fintech',
    description: 'Revolutionising personal wealth management with a user-centric dashboard that simplified complex financial data for over 50,000 users.',
    image: 'https://images.unsplash.com/photo-1551288049-bebda4e38f71?w=800&q=80',
    metrics: [
      { label: 'Active Assets', value: '3.2m', icon: BarChart3 },
      { label: 'Response Time', value: '15ms', icon: Zap },
      { label: 'Users', value: '50k+', icon: Users },
    ],
    techSpecs: [
      { label: 'Frontend', value: 'Next.js', icon: Code },
      { label: 'Backend', value: 'Node.js', icon: Server },
      { label: 'Database', value: 'PostgreSQL', icon: Database },
      { label: 'Cache', value: 'Redis', icon: Cpu },
    ],
    size: 'wide'
  },
  {
    id: 5,
    title: 'Nebula AI',
    category: 'Tech Startup',
    description: 'Refined brand identity and high-converting landing page for a Silicon Valley startup.',
    image: 'https://images.unsplash.com/photo-1677442136019-21780ecad995?w=800&q=80',
    metrics: [
      { label: 'Conversion', value: '+85%', icon: TrendingUp },
      { label: 'Signups', value: '12k', icon: Users },
    ],
    techSpecs: [
      { label: 'Stack', value: 'Next.js + Vercel', icon: Code },
      { label: 'AI', value: 'OpenAI GPT-4', icon: Cpu },
    ],
    size: 'wide'
  },
  {
    id: 6,
    title: 'Metro Logistics',
    category: 'Logistics',
    description: 'Real-time tracking dashboard that reduced customer service inquiries by 60%.',
    image: 'https://images.unsplash.com/photo-1586528116311-ad8dd3c8310d?w=600&q=80',
    metrics: [
      { label: 'Support Tickets', value: '-60%', icon: TrendingUp },
    ],
    techSpecs: [
      { label: 'Platform', value: 'React + Mapbox', icon: Code },
      { label: 'Real-time', value: 'WebSockets', icon: Zap },
    ],
    size: 'half'
  },
  {
    id: 7,
    title: 'Pure Wellness',
    category: 'Health & Wellness',
    description: 'Membership platform with integrated booking and payment processing.',
    image: 'https://images.unsplash.com/photo-1544367567-0f2fcb009e0b?w=600&q=80',
    metrics: [
      { label: 'Members', value: '2,400+', icon: Users },
      { label: 'Retention', value: '94%', icon: TrendingUp },
    ],
    techSpecs: [
      { label: 'Platform', value: 'Webflow', icon: Globe },
      { label: 'Payments', value: 'Stripe', icon: Database },
    ],
    size: 'half'
  },
  {
    id: 8,
    title: 'Summit Education',
    category: 'EdTech',
    description: 'Learning management system serving 25,000+ students across Africa.',
    image: 'https://images.unsplash.com/photo-1501504905252-473c47e087f8?w=800&q=80',
    metrics: [
      { label: 'Students', value: '25k+', icon: Users },
      { label: 'Uptime', value: '99.9%', icon: Server },
    ],
    techSpecs: [
      { label: 'Platform', value: 'Moodle + AWS', icon: Server },
      { label: 'Video', value: 'AWS CloudFront', icon: Zap },
    ],
    size: 'wide'
  },
  {
    id: 9,
    title: 'Coastal Properties',
    category: 'Real Estate',
    description: 'Property listing platform with virtual tours and automated lead nurturing.',
    image: 'https://images.unsplash.com/photo-1560518883-ce09059eeffa?w=600&q=80',
    metrics: [
      { label: 'Leads', value: '+120%', icon: TrendingUp },
    ],
    techSpecs: [
      { label: 'CMS', value: 'WordPress', icon: Globe },
      { label: 'CRM', value: 'HubSpot', icon: Database },
    ],
    size: 'half'
  },
  {
    id: 10,
    title: 'Craft Brewery Co.',
    category: 'Food & Beverage',
    description: 'E-commerce platform with subscription model and inventory management.',
    image: 'https://images.unsplash.com/photo-1535958636474-b021ee887b13?w=600&q=80',
    metrics: [
      { label: 'Subscribers', value: '3,500', icon: Users },
      { label: 'Revenue', value: '+95%', icon: TrendingUp },
    ],
    techSpecs: [
      { label: 'Platform', value: 'Shopify', icon: Globe },
      { label: 'Subscriptions', value: 'ReCharge', icon: Database },
    ],
    size: 'half'
  },
  {
    id: 11,
    title: 'Nova Financial',
    category: 'Finance',
    description: 'Secure client portal with document management and real-time portfolio tracking.',
    image: 'https://images.unsplash.com/photo-1611974789855-9c2a0a7236a3?w=800&q=80',
    metrics: [
      { label: 'Security', value: 'SOC 2', icon: CheckCircle },
      { label: 'Clients', value: '5,000+', icon: Users },
    ],
    techSpecs: [
      { label: 'Security', value: 'OAuth 2.0', icon: Server },
      { label: 'Encryption', value: 'AES-256', icon: Database },
    ],
    size: 'wide'
  },
  {
    id: 12,
    title: 'Urban Mobility',
    category: 'Transportation',
    description: 'Ride-sharing app backend with real-time matching and route optimization.',
    image: 'https://images.unsplash.com/photo-1449965408869-eaa3f722e40d?w=600&q=80',
    metrics: [
      { label: 'Rides/Day', value: '15k', icon: TrendingUp },
      { label: 'Match Time', value: '<30s', icon: Clock },
    ],
    techSpecs: [
      { label: 'Backend', value: 'Go + gRPC', icon: Code },
      { label: 'Maps', value: 'Google Maps', icon: Globe },
    ],
    size: 'half'
  }
];

const ITEMS_PER_PAGE = 6;

export function PortfolioPage({ onShowPage }: ServicesPageProps) {
  const [visibleCount, setVisibleCount] = useState(ITEMS_PER_PAGE);
  const { ref: headerRef, isVisible: headerVisible } = useReveal();

  const visibleItems = portfolioItems.slice(0, visibleCount);
  const hasMore = visibleCount < portfolioItems.length;

  const handleLoadMore = () => {
    setVisibleCount(prev => Math.min(prev + ITEMS_PER_PAGE, portfolioItems.length));
  };

  return (
    <div id="page-portfolio">
      <section className="section">
        <div className="container-main">
          <div
            ref={headerRef}
            className={`reveal ${headerVisible ? 'visible' : ''} section-header`}
          >
            <div className="chip-tech">
              <Image className="w-3.5 h-3.5" />
              Case Studies
            </div>
            <h2 className="display display-lg">
              High-Ticket <span className="text-[var(--primary)]">Results</span>
            </h2>
            <p className="section-desc">
              Real work. Real outcomes. Built for South African businesses that needed more.
            </p>
          </div>

          {/* Masonry Grid */}
          <div className="grid grid-cols-1 md:grid-cols-2 lg:grid-cols-12 gap-6">
            {visibleItems.map((item, index) => (
              <div
                key={item.id}
                className={`reveal ${
                  item.size === 'wide'
                    ? 'lg:col-span-12'
                    : item.size === 'half'
                    ? 'lg:col-span-6'
                    : 'lg:col-span-4'
                }`}
                style={{ animationDelay: `${index * 100}ms` }}
              >
                <div className="group bg-[var(--surface)] border border-[var(--border)] rounded-[var(--r-xl)] overflow-hidden shadow-[var(--shadow-sm)] hover:shadow-[var(--shadow-lg)] hover:-translate-y-1 transition-all duration-300">
                  {/* Image */}
                  <div className="relative overflow-hidden aspect-video">
                    <img
                      src={item.image}
                      alt={item.title}
                      className="w-full h-full object-cover group-hover:scale-105 transition-transform duration-500"
                      loading="lazy"
                    />
                    <div className="absolute inset-0 bg-gradient-to-t from-black/60 via-transparent to-transparent opacity-0 group-hover:opacity-100 transition-opacity duration-300" />
                    
                    {/* Category Badge */}
                    <div className="absolute top-4 left-4">
                      <span className="px-3 py-1 bg-[var(--primary)] text-white text-xs font-bold uppercase tracking-wider rounded-full">
                        {item.category}
                      </span>
                    </div>
                  </div>

                  {/* Content */}
                  <div className="p-6">
                    <h3 className="font-bold text-xl text-[var(--on-surface)] mb-2 group-hover:text-[var(--primary)] transition-colors">
                      {item.title}
                    </h3>
                    <p className="body-md text-[var(--muted)] mb-5">
                      {item.description}
                    </p>

                    {/* Metrics */}
                    <div className="flex flex-wrap gap-4 mb-5">
                      {item.metrics.map((metric, mIndex) => (
                        <div key={mIndex} className="flex items-center gap-2">
                          <metric.icon className="w-4 h-4 text-[var(--primary)]" />
                          <span className="font-bold text-[var(--on-surface)]">{metric.value}</span>
                          <span className="text-xs text-[var(--muted)]">{metric.label}</span>
                        </div>
                      ))}
                    </div>

                    {/* Technical Specs */}
                    <div className="border-t border-[var(--border)] pt-4 mb-5">
                      <div className="label-sm text-[var(--muted)] mb-3">Technical Specs</div>
                      <div className="flex flex-wrap gap-2">
                        {item.techSpecs.map((spec, sIndex) => (
                          <div
                            key={sIndex}
                            className="flex items-center gap-1.5 px-2.5 py-1.5 bg-[var(--surface-low)] border border-[var(--border)] rounded-[var(--r-sm)]"
                          >
                            <spec.icon className="w-3.5 h-3.5 text-[var(--muted)]" />
                            <span className="text-xs text-[var(--on-surface)]">{spec.value}</span>
                          </div>
                        ))}
                      </div>
                    </div>

                    {/* CTA */}
                    <button
                      onClick={() => onShowPage('contact')}
                      className="inline-flex items-center gap-2 text-sm font-bold text-[var(--primary)] hover:gap-3 transition-all"
                    >
                      View Case Study
                      <ArrowRight className="w-4 h-4" />
                    </button>
                  </div>
                </div>
              </div>
            ))}
          </div>

          {/* Load More */}
          {hasMore && (
            <div className="mt-12 text-center">
              <button
                onClick={handleLoadMore}
                className="inline-flex items-center gap-2 px-8 py-4 bg-[var(--surface)] border border-[var(--border)] rounded-[var(--r-md)] text-sm font-bold text-[var(--on-surface)] hover:bg-[var(--surface-low)] hover:border-[var(--primary)] hover:text-[var(--primary)] transition-all"
              >
                Load More Projects
                <ChevronDown className="w-4 h-4" />
              </button>
              <p className="text-xs text-[var(--muted)] mt-3">
                Showing {visibleItems.length} of {portfolioItems.length} projects
              </p>
            </div>
          )}
        </div>
      </section>

      {/* Footer */}
      <footer className="bg-[var(--footer-bg)] text-[var(--footer-text)] py-16 px-[var(--pad-x)]">
        <div className="max-w-[var(--max-w)] mx-auto">
          <div className="grid sm:grid-cols-2 lg:grid-cols-4 gap-10 mb-12">
            <div>
              <div className="text-2xl font-black text-white mb-2">
                Zhet<span className="text-[var(--primary)]">X</span>
              </div>
              <div className="label-sm text-[var(--primary)] mb-4">
                Systems That Work. Revenue That Grows.
              </div>
              <p className="body-sm text-[var(--footer-text)] max-w-xs">
                Helping South African SMBs fix, optimise, and grow their digital 
                infrastructure — without the stress.
              </p>
            </div>

            <div>
              <div className="label-sm text-white/30 mb-4">Navigate</div>
              <div className="space-y-2">
                {['portfolio', 'services', 'process', 'contact'].map((page) => (
                  <button
                    key={page}
                    onClick={() => onShowPage(page as PageId)}
                    className="block body-sm text-[var(--footer-text)] hover:text-[var(--primary)] transition-colors capitalize"
                  >
                    {page === 'process' ? 'Our Process' : page}
                  </button>
                ))}
              </div>
            </div>

            <div>
              <div className="label-sm text-white/30 mb-4">Contact</div>
              <div className="space-y-2">
                <a href="mailto:hello@zhetx.co.za" className="block body-sm text-[var(--footer-text)] hover:text-[var(--primary)] transition-colors">
                  hello@zhetx.co.za
                </a>
                <a href="tel:+27655811001" className="block body-sm text-[var(--footer-text)] hover:text-[var(--primary)] transition-colors">
                  +27 65 581 1001
                </a>
              </div>
            </div>

            <div>
              <div className="label-sm text-white/30 mb-4">Legal</div>
              <div className="space-y-2">
                <a href="#" className="block body-sm text-[var(--footer-text)] hover:text-[var(--primary)] transition-colors">
                  Privacy Policy
                </a>
                <a href="#" className="block body-sm text-[var(--footer-text)] hover:text-[var(--primary)] transition-colors">
                  Terms of Service
                </a>
              </div>
            </div>
          </div>

          <div className="border-t border-white/5 pt-8 flex flex-wrap items-center justify-between gap-4">
            <p className="text-xs text-white/25">© 2025 ZhetX. All rights reserved.</p>
            <p className="text-xs text-white/25">Systems That Work. Revenue That Grows.</p>
          </div>
        </div>
      </footer>
    </div>
  );
}
